
Microsoft Visual Studio Solution File, Format Version 12.00
# Visual Studio 15
VisualStudioVersion = 15.0.27004.2002
MinimumVisualStudioVersion = 10.0.40219.1
Project("{FAE04EC0-301F-11D3-BF4B-00C04F79EFBC}") = "CRUDCshapSQlServeur", "CRUDCshapSQlServeur\CRUDCshapSQlServeur.csproj", "{91789D8A-829A-446A-9BAE-6C54A6375BF6}"
EndProject
Global
	GlobalSection(SolutionConfigurationPlatforms) = preSolution
		Debug|Any CPU = Debug|Any CPU
		Release|Any CPU = Release|Any CPU
	EndGlobalSection
	GlobalSection(ProjectConfigurationPlatforms) = postSolution
		{91789D8A-829A-446A-9BAE-6C54A6375BF6}.Debug|Any CPU.ActiveCfg = Debug|Any CPU
		{91789D8A-829A-446A-9BAE-6C54A6375BF6}.Debug|Any CPU.Build.0 = Debug|Any CPU
		{91789D8A-829A-446A-9BAE-6C54A6375BF6}.Release|Any CPU.ActiveCfg = Release|Any CPU
		{91789D8A-829A-446A-9BAE-6C54A6375BF6}.Release|Any CPU.Build.0 = Release|Any CPU
	EndGlobalSection
	GlobalSection(SolutionProperties) = preSolution
		HideSolutionNode = FALSE
	EndGlobalSection
	GlobalSection(ExtensibilityGlobals) = postSolution
		SolutionGuid = {10F921C6-DBB6-4F3D-B7EB-7B60A27C8133}
	EndGlobalSection
EndGlobal
